
Microsoft Visual Studio Solution File, Format Version 12.00
# Visual Studio Version 17
VisualStudioVersion = 17.0.31903.59
MinimumVisualStudioVersion = 10.0.40219.1
Project("{2150E333-8FDC-42A3-9474-1A3956D46DE8}") = "src", "src", "{D8E061E9-6F81-4DB1-88CE-122309C5D2FA}"
	ProjectSection(SolutionItems) = preProject
		src\docker-compose.yml = src\docker-compose.yml
	EndProjectSection
EndProject
Project("{2150E333-8FDC-42A3-9474-1A3956D46DE8}") = "ApiGateways", "ApiGateways", "{23BDDC05-2BB2-48CD-A883-0A272CCDD0CC}"
EndProject
Project("{2150E333-8FDC-42A3-9474-1A3956D46DE8}") = "Services", "Services", "{C84066AF-3F63-4577-BDED-BFB89A5D6183}"
EndProject
Project("{2150E333-8FDC-42A3-9474-1A3956D46DE8}") = "Advert", "Advert", "{F7AA3A60-D5E9-444D-8BBA-04E1614DEA48}"
EndProject
Project("{2150E333-8FDC-42A3-9474-1A3956D46DE8}") = "Car", "Car", "{80AE9FCD-4791-4DE0-ABE3-93C80B880D25}"
EndProject
Project("{2150E333-8FDC-42A3-9474-1A3956D46DE8}") = "User", "User", "{58C41EC1-E36E-41E2-90E8-D758325418CC}"
EndProject
Project("{2150E333-8FDC-42A3-9474-1A3956D46DE8}") = "Chat", "Chat", "{C4DD2B5C-D9F0-41C7-9E97-F71374C09AF4}"
EndProject
Project("{FAE04EC0-301F-11D3-BF4B-00C04F79EFBC}") = "Advert.API", "src\Services\Advert\Advert.API\Advert.API.csproj", "{0625617F-8B8E-447A-85A6-619A064BA044}"
EndProject
Project("{FAE04EC0-301F-11D3-BF4B-00C04F79EFBC}") = "Advert.Domain", "src\Services\Advert\Advert.Domain\Advert.Domain.csproj", "{A123824B-7CF4-4174-90AF-E121AF18BBFF}"
EndProject
Project("{FAE04EC0-301F-11D3-BF4B-00C04F79EFBC}") = "Advert.Application", "src\Services\Advert\Advert.Application\Advert.Application.csproj", "{685C92BD-FF88-408D-81F8-EAC028155664}"
EndProject
Project("{FAE04EC0-301F-11D3-BF4B-00C04F79EFBC}") = "Advert.Infrastructure", "src\Services\Advert\Advert.Infrastructure\Advert.Infrastructure.csproj", "{22A0BA51-C13C-4868-B470-85891C0D1643}"
EndProject
Project("{FAE04EC0-301F-11D3-BF4B-00C04F79EFBC}") = "OcelotApiGateway", "src\ApiGateways\OcelotApiGateway\OcelotApiGateway.csproj", "{22229DB6-6D8C-4BB9-B7B6-DBD41B7D5DB8}"
EndProject
Project("{FAE04EC0-301F-11D3-BF4B-00C04F79EFBC}") = "Car.API", "src\Services\Car\Car.API\Car.API.csproj", "{3EEA49C3-E9FD-42CF-A97B-B1B38BC56EE6}"
EndProject
Project("{FAE04EC0-301F-11D3-BF4B-00C04F79EFBC}") = "Chat.API", "src\Services\Chat\Chat.API\Chat.API.csproj", "{8BA171B2-6CAA-4E24-B2A3-C772E5CB033F}"
EndProject
Project("{FAE04EC0-301F-11D3-BF4B-00C04F79EFBC}") = "Car.Application", "src\Services\Car\Car.Application\Car.Application.csproj", "{2ECD4807-89C3-4011-ABAE-5494E4C4FA03}"
EndProject
Project("{FAE04EC0-301F-11D3-BF4B-00C04F79EFBC}") = "Car.Infrastructure", "src\Services\Car\Car.Infrastructure\Car.Infrastructure.csproj", "{76DB24C7-1D21-4B38-A492-120F308B5C57}"
EndProject
Project("{FAE04EC0-301F-11D3-BF4B-00C04F79EFBC}") = "Car.Domain", "src\Services\Car\Car.Domain\Car.Domain.csproj", "{D6E3C57C-C01F-4720-AFD9-74264DA6A386}"
EndProject
Project("{FAE04EC0-301F-11D3-BF4B-00C04F79EFBC}") = "Car.GrpcService", "src\Services\Car\Car.GrpcService\Car.GrpcService.csproj", "{EE06389E-67CF-46B3-B7B1-0B9466B0570F}"
EndProject
Project("{2150E333-8FDC-42A3-9474-1A3956D46DE8}") = "File", "File", "{0909FBC7-4BB3-4761-8507-73A983826C44}"
EndProject
Project("{FAE04EC0-301F-11D3-BF4B-00C04F79EFBC}") = "File.API", "src\Services\File\File.API\File.API.csproj", "{C11486B1-3F2E-4818-95AA-9921F21CC374}"
EndProject
Project("{FAE04EC0-301F-11D3-BF4B-00C04F79EFBC}") = "File.Core", "src\Services\File\File.Core\File.Core.csproj", "{492F5FEB-4718-422C-BC07-C892645D12E0}"
EndProject
Project("{FAE04EC0-301F-11D3-BF4B-00C04F79EFBC}") = "File.DataAccess", "src\Services\File\File.DataAccess\File.DataAccess.csproj", "{C3089E25-F777-4062-B8A8-84CAFA4DC0F0}"
EndProject
Project("{FAE04EC0-301F-11D3-BF4B-00C04F79EFBC}") = "File.GrpcService", "src\Services\File\File.GrpcService\File.GrpcService.csproj", "{12467E2C-6855-47C3-A5B2-F5B23BEEAF62}"
EndProject
Project("{FAE04EC0-301F-11D3-BF4B-00C04F79EFBC}") = "User.API", "src\Services\User\User.API\User.API.csproj", "{F3233C6C-FD4D-4FC0-97FD-63677815878D}"
EndProject
Project("{FAE04EC0-301F-11D3-BF4B-00C04F79EFBC}") = "User.Core", "src\Services\User\User.Core\User.Core.csproj", "{6BD2CF93-D559-4C27-A0EC-EA2DA98DA176}"
EndProject
Project("{FAE04EC0-301F-11D3-BF4B-00C04F79EFBC}") = "User.DataAccess", "src\Services\User\User.DataAccess\User.DataAccess.csproj", "{FE9CE87E-A39D-47DC-ADB1-1B6A8847B0BC}"
EndProject
Project("{FAE04EC0-301F-11D3-BF4B-00C04F79EFBC}") = "Chat.Core", "src\Services\Chat\Chat.Core\Chat.Core.csproj", "{70B03DF5-F29E-4E3F-8091-1903E42FE867}"
EndProject
Project("{FAE04EC0-301F-11D3-BF4B-00C04F79EFBC}") = "Chat.DataAccess", "src\Services\Chat\Chat.DataAccess\Chat.DataAccess.csproj", "{7393026C-D4E4-460B-9AF6-DBF8974D273D}"
EndProject
Project("{FAE04EC0-301F-11D3-BF4B-00C04F79EFBC}") = "Advert.GrpcService", "src\Services\Advert\Advert.GrpcService\Advert.GrpcService.csproj", "{A6B972BD-DE3D-4B23-8B3C-0066791D58C4}"
EndProject
Project("{2150E333-8FDC-42A3-9474-1A3956D46DE8}") = "Shared", "Shared", "{2530F759-160B-4007-A998-00E5DFE5A487}"
EndProject
Project("{FAE04EC0-301F-11D3-BF4B-00C04F79EFBC}") = "Auth.Shared", "src\Shared\Auth.Shared\Auth.Shared.csproj", "{2C6A6D1C-FFE6-43FB-8E4A-F8F91C99D0F4}"
EndProject
Global
	GlobalSection(SolutionConfigurationPlatforms) = preSolution
		Debug|Any CPU = Debug|Any CPU
		Release|Any CPU = Release|Any CPU
	EndGlobalSection
	GlobalSection(SolutionProperties) = preSolution
		HideSolutionNode = FALSE
	EndGlobalSection
	GlobalSection(NestedProjects) = preSolution
		{23BDDC05-2BB2-48CD-A883-0A272CCDD0CC} = {D8E061E9-6F81-4DB1-88CE-122309C5D2FA}
		{C84066AF-3F63-4577-BDED-BFB89A5D6183} = {D8E061E9-6F81-4DB1-88CE-122309C5D2FA}
		{F7AA3A60-D5E9-444D-8BBA-04E1614DEA48} = {C84066AF-3F63-4577-BDED-BFB89A5D6183}
		{80AE9FCD-4791-4DE0-ABE3-93C80B880D25} = {C84066AF-3F63-4577-BDED-BFB89A5D6183}
		{58C41EC1-E36E-41E2-90E8-D758325418CC} = {C84066AF-3F63-4577-BDED-BFB89A5D6183}
		{C4DD2B5C-D9F0-41C7-9E97-F71374C09AF4} = {C84066AF-3F63-4577-BDED-BFB89A5D6183}
		{0625617F-8B8E-447A-85A6-619A064BA044} = {F7AA3A60-D5E9-444D-8BBA-04E1614DEA48}
		{A123824B-7CF4-4174-90AF-E121AF18BBFF} = {F7AA3A60-D5E9-444D-8BBA-04E1614DEA48}
		{685C92BD-FF88-408D-81F8-EAC028155664} = {F7AA3A60-D5E9-444D-8BBA-04E1614DEA48}
		{22A0BA51-C13C-4868-B470-85891C0D1643} = {F7AA3A60-D5E9-444D-8BBA-04E1614DEA48}
		{22229DB6-6D8C-4BB9-B7B6-DBD41B7D5DB8} = {23BDDC05-2BB2-48CD-A883-0A272CCDD0CC}
		{3EEA49C3-E9FD-42CF-A97B-B1B38BC56EE6} = {80AE9FCD-4791-4DE0-ABE3-93C80B880D25}
		{8BA171B2-6CAA-4E24-B2A3-C772E5CB033F} = {C4DD2B5C-D9F0-41C7-9E97-F71374C09AF4}
		{2ECD4807-89C3-4011-ABAE-5494E4C4FA03} = {80AE9FCD-4791-4DE0-ABE3-93C80B880D25}
		{76DB24C7-1D21-4B38-A492-120F308B5C57} = {80AE9FCD-4791-4DE0-ABE3-93C80B880D25}
		{D6E3C57C-C01F-4720-AFD9-74264DA6A386} = {80AE9FCD-4791-4DE0-ABE3-93C80B880D25}
		{EE06389E-67CF-46B3-B7B1-0B9466B0570F} = {80AE9FCD-4791-4DE0-ABE3-93C80B880D25}
		{0909FBC7-4BB3-4761-8507-73A983826C44} = {C84066AF-3F63-4577-BDED-BFB89A5D6183}
		{C11486B1-3F2E-4818-95AA-9921F21CC374} = {0909FBC7-4BB3-4761-8507-73A983826C44}
		{492F5FEB-4718-422C-BC07-C892645D12E0} = {0909FBC7-4BB3-4761-8507-73A983826C44}
		{C3089E25-F777-4062-B8A8-84CAFA4DC0F0} = {0909FBC7-4BB3-4761-8507-73A983826C44}
		{12467E2C-6855-47C3-A5B2-F5B23BEEAF62} = {0909FBC7-4BB3-4761-8507-73A983826C44}
		{F3233C6C-FD4D-4FC0-97FD-63677815878D} = {58C41EC1-E36E-41E2-90E8-D758325418CC}
		{6BD2CF93-D559-4C27-A0EC-EA2DA98DA176} = {58C41EC1-E36E-41E2-90E8-D758325418CC}
		{FE9CE87E-A39D-47DC-ADB1-1B6A8847B0BC} = {58C41EC1-E36E-41E2-90E8-D758325418CC}
		{70B03DF5-F29E-4E3F-8091-1903E42FE867} = {C4DD2B5C-D9F0-41C7-9E97-F71374C09AF4}
		{7393026C-D4E4-460B-9AF6-DBF8974D273D} = {C4DD2B5C-D9F0-41C7-9E97-F71374C09AF4}
		{A6B972BD-DE3D-4B23-8B3C-0066791D58C4} = {F7AA3A60-D5E9-444D-8BBA-04E1614DEA48}
		{2530F759-160B-4007-A998-00E5DFE5A487} = {D8E061E9-6F81-4DB1-88CE-122309C5D2FA}
		{2C6A6D1C-FFE6-43FB-8E4A-F8F91C99D0F4} = {2530F759-160B-4007-A998-00E5DFE5A487}
	EndGlobalSection
	GlobalSection(ProjectConfigurationPlatforms) = postSolution
		{0625617F-8B8E-447A-85A6-619A064BA044}.Debug|Any CPU.ActiveCfg = Debug|Any CPU
		{0625617F-8B8E-447A-85A6-619A064BA044}.Debug|Any CPU.Build.0 = Debug|Any CPU
		{0625617F-8B8E-447A-85A6-619A064BA044}.Release|Any CPU.ActiveCfg = Release|Any CPU
		{0625617F-8B8E-447A-85A6-619A064BA044}.Release|Any CPU.Build.0 = Release|Any CPU
		{A123824B-7CF4-4174-90AF-E121AF18BBFF}.Debug|Any CPU.ActiveCfg = Debug|Any CPU
		{A123824B-7CF4-4174-90AF-E121AF18BBFF}.Debug|Any CPU.Build.0 = Debug|Any CPU
		{A123824B-7CF4-4174-90AF-E121AF18BBFF}.Release|Any CPU.ActiveCfg = Release|Any CPU
		{A123824B-7CF4-4174-90AF-E121AF18BBFF}.Release|Any CPU.Build.0 = Release|Any CPU
		{685C92BD-FF88-408D-81F8-EAC028155664}.Debug|Any CPU.ActiveCfg = Debug|Any CPU
		{685C92BD-FF88-408D-81F8-EAC028155664}.Debug|Any CPU.Build.0 = Debug|Any CPU
		{685C92BD-FF88-408D-81F8-EAC028155664}.Release|Any CPU.ActiveCfg = Release|Any CPU
		{685C92BD-FF88-408D-81F8-EAC028155664}.Release|Any CPU.Build.0 = Release|Any CPU
		{22A0BA51-C13C-4868-B470-85891C0D1643}.Debug|Any CPU.ActiveCfg = Debug|Any CPU
		{22A0BA51-C13C-4868-B470-85891C0D1643}.Debug|Any CPU.Build.0 = Debug|Any CPU
		{22A0BA51-C13C-4868-B470-85891C0D1643}.Release|Any CPU.ActiveCfg = Release|Any CPU
		{22A0BA51-C13C-4868-B470-85891C0D1643}.Release|Any CPU.Build.0 = Release|Any CPU
		{22229DB6-6D8C-4BB9-B7B6-DBD41B7D5DB8}.Debug|Any CPU.ActiveCfg = Debug|Any CPU
		{22229DB6-6D8C-4BB9-B7B6-DBD41B7D5DB8}.Debug|Any CPU.Build.0 = Debug|Any CPU
		{22229DB6-6D8C-4BB9-B7B6-DBD41B7D5DB8}.Release|Any CPU.ActiveCfg = Release|Any CPU
		{22229DB6-6D8C-4BB9-B7B6-DBD41B7D5DB8}.Release|Any CPU.Build.0 = Release|Any CPU
		{3EEA49C3-E9FD-42CF-A97B-B1B38BC56EE6}.Debug|Any CPU.ActiveCfg = Debug|Any CPU
		{3EEA49C3-E9FD-42CF-A97B-B1B38BC56EE6}.Debug|Any CPU.Build.0 = Debug|Any CPU
		{3EEA49C3-E9FD-42CF-A97B-B1B38BC56EE6}.Release|Any CPU.ActiveCfg = Release|Any CPU
		{3EEA49C3-E9FD-42CF-A97B-B1B38BC56EE6}.Release|Any CPU.Build.0 = Release|Any CPU
		{8BA171B2-6CAA-4E24-B2A3-C772E5CB033F}.Debug|Any CPU.ActiveCfg = Debug|Any CPU
		{8BA171B2-6CAA-4E24-B2A3-C772E5CB033F}.Debug|Any CPU.Build.0 = Debug|Any CPU
		{8BA171B2-6CAA-4E24-B2A3-C772E5CB033F}.Release|Any CPU.ActiveCfg = Release|Any CPU
		{8BA171B2-6CAA-4E24-B2A3-C772E5CB033F}.Release|Any CPU.Build.0 = Release|Any CPU
		{2ECD4807-89C3-4011-ABAE-5494E4C4FA03}.Debug|Any CPU.ActiveCfg = Debug|Any CPU
		{2ECD4807-89C3-4011-ABAE-5494E4C4FA03}.Debug|Any CPU.Build.0 = Debug|Any CPU
		{2ECD4807-89C3-4011-ABAE-5494E4C4FA03}.Release|Any CPU.ActiveCfg = Release|Any CPU
		{2ECD4807-89C3-4011-ABAE-5494E4C4FA03}.Release|Any CPU.Build.0 = Release|Any CPU
		{76DB24C7-1D21-4B38-A492-120F308B5C57}.Debug|Any CPU.ActiveCfg = Debug|Any CPU
		{76DB24C7-1D21-4B38-A492-120F308B5C57}.Debug|Any CPU.Build.0 = Debug|Any CPU
		{76DB24C7-1D21-4B38-A492-120F308B5C57}.Release|Any CPU.ActiveCfg = Release|Any CPU
		{76DB24C7-1D21-4B38-A492-120F308B5C57}.Release|Any CPU.Build.0 = Release|Any CPU
		{D6E3C57C-C01F-4720-AFD9-74264DA6A386}.Debug|Any CPU.ActiveCfg = Debug|Any CPU
		{D6E3C57C-C01F-4720-AFD9-74264DA6A386}.Debug|Any CPU.Build.0 = Debug|Any CPU
		{D6E3C57C-C01F-4720-AFD9-74264DA6A386}.Release|Any CPU.ActiveCfg = Release|Any CPU
		{D6E3C57C-C01F-4720-AFD9-74264DA6A386}.Release|Any CPU.Build.0 = Release|Any CPU
		{EE06389E-67CF-46B3-B7B1-0B9466B0570F}.Debug|Any CPU.ActiveCfg = Debug|Any CPU
		{EE06389E-67CF-46B3-B7B1-0B9466B0570F}.Debug|Any CPU.Build.0 = Debug|Any CPU
		{EE06389E-67CF-46B3-B7B1-0B9466B0570F}.Release|Any CPU.ActiveCfg = Release|Any CPU
		{EE06389E-67CF-46B3-B7B1-0B9466B0570F}.Release|Any CPU.Build.0 = Release|Any CPU
		{C11486B1-3F2E-4818-95AA-9921F21CC374}.Debug|Any CPU.ActiveCfg = Debug|Any CPU
		{C11486B1-3F2E-4818-95AA-9921F21CC374}.Debug|Any CPU.Build.0 = Debug|Any CPU
		{C11486B1-3F2E-4818-95AA-9921F21CC374}.Release|Any CPU.ActiveCfg = Release|Any CPU
		{C11486B1-3F2E-4818-95AA-9921F21CC374}.Release|Any CPU.Build.0 = Release|Any CPU
		{492F5FEB-4718-422C-BC07-C892645D12E0}.Debug|Any CPU.ActiveCfg = Debug|Any CPU
		{492F5FEB-4718-422C-BC07-C892645D12E0}.Debug|Any CPU.Build.0 = Debug|Any CPU
		{492F5FEB-4718-422C-BC07-C892645D12E0}.Release|Any CPU.ActiveCfg = Release|Any CPU
		{492F5FEB-4718-422C-BC07-C892645D12E0}.Release|Any CPU.Build.0 = Release|Any CPU
		{C3089E25-F777-4062-B8A8-84CAFA4DC0F0}.Debug|Any CPU.ActiveCfg = Debug|Any CPU
		{C3089E25-F777-4062-B8A8-84CAFA4DC0F0}.Debug|Any CPU.Build.0 = Debug|Any CPU
		{C3089E25-F777-4062-B8A8-84CAFA4DC0F0}.Release|Any CPU.ActiveCfg = Release|Any CPU
		{C3089E25-F777-4062-B8A8-84CAFA4DC0F0}.Release|Any CPU.Build.0 = Release|Any CPU
		{12467E2C-6855-47C3-A5B2-F5B23BEEAF62}.Debug|Any CPU.ActiveCfg = Debug|Any CPU
		{12467E2C-6855-47C3-A5B2-F5B23BEEAF62}.Debug|Any CPU.Build.0 = Debug|Any CPU
		{12467E2C-6855-47C3-A5B2-F5B23BEEAF62}.Release|Any CPU.ActiveCfg = Release|Any CPU
		{12467E2C-6855-47C3-A5B2-F5B23BEEAF62}.Release|Any CPU.Build.0 = Release|Any CPU
		{F3233C6C-FD4D-4FC0-97FD-63677815878D}.Debug|Any CPU.ActiveCfg = Debug|Any CPU
		{F3233C6C-FD4D-4FC0-97FD-63677815878D}.Debug|Any CPU.Build.0 = Debug|Any CPU
		{F3233C6C-FD4D-4FC0-97FD-63677815878D}.Release|Any CPU.ActiveCfg = Release|Any CPU
		{F3233C6C-FD4D-4FC0-97FD-63677815878D}.Release|Any CPU.Build.0 = Release|Any CPU
		{6BD2CF93-D559-4C27-A0EC-EA2DA98DA176}.Debug|Any CPU.ActiveCfg = Debug|Any CPU
		{6BD2CF93-D559-4C27-A0EC-EA2DA98DA176}.Debug|Any CPU.Build.0 = Debug|Any CPU
		{6BD2CF93-D559-4C27-A0EC-EA2DA98DA176}.Release|Any CPU.ActiveCfg = Release|Any CPU
		{6BD2CF93-D559-4C27-A0EC-EA2DA98DA176}.Release|Any CPU.Build.0 = Release|Any CPU
		{FE9CE87E-A39D-47DC-ADB1-1B6A8847B0BC}.Debug|Any CPU.ActiveCfg = Debug|Any CPU
		{FE9CE87E-A39D-47DC-ADB1-1B6A8847B0BC}.Debug|Any CPU.Build.0 = Debug|Any CPU
		{FE9CE87E-A39D-47DC-ADB1-1B6A8847B0BC}.Release|Any CPU.ActiveCfg = Release|Any CPU
		{FE9CE87E-A39D-47DC-ADB1-1B6A8847B0BC}.Release|Any CPU.Build.0 = Release|Any CPU
		{70B03DF5-F29E-4E3F-8091-1903E42FE867}.Debug|Any CPU.ActiveCfg = Debug|Any CPU
		{70B03DF5-F29E-4E3F-8091-1903E42FE867}.Debug|Any CPU.Build.0 = Debug|Any CPU
		{70B03DF5-F29E-4E3F-8091-1903E42FE867}.Release|Any CPU.ActiveCfg = Release|Any CPU
		{70B03DF5-F29E-4E3F-8091-1903E42FE867}.Release|Any CPU.Build.0 = Release|Any CPU
		{7393026C-D4E4-460B-9AF6-DBF8974D273D}.Debug|Any CPU.ActiveCfg = Debug|Any CPU
		{7393026C-D4E4-460B-9AF6-DBF8974D273D}.Debug|Any CPU.Build.0 = Debug|Any CPU
		{7393026C-D4E4-460B-9AF6-DBF8974D273D}.Release|Any CPU.ActiveCfg = Release|Any CPU
		{7393026C-D4E4-460B-9AF6-DBF8974D273D}.Release|Any CPU.Build.0 = Release|Any CPU
		{A6B972BD-DE3D-4B23-8B3C-0066791D58C4}.Debug|Any CPU.ActiveCfg = Debug|Any CPU
		{A6B972BD-DE3D-4B23-8B3C-0066791D58C4}.Debug|Any CPU.Build.0 = Debug|Any CPU
		{A6B972BD-DE3D-4B23-8B3C-0066791D58C4}.Release|Any CPU.ActiveCfg = Release|Any CPU
		{A6B972BD-DE3D-4B23-8B3C-0066791D58C4}.Release|Any CPU.Build.0 = Release|Any CPU
		{2C6A6D1C-FFE6-43FB-8E4A-F8F91C99D0F4}.Debug|Any CPU.ActiveCfg = Debug|Any CPU
		{2C6A6D1C-FFE6-43FB-8E4A-F8F91C99D0F4}.Debug|Any CPU.Build.0 = Debug|Any CPU
		{2C6A6D1C-FFE6-43FB-8E4A-F8F91C99D0F4}.Release|Any CPU.ActiveCfg = Release|Any CPU
		{2C6A6D1C-FFE6-43FB-8E4A-F8F91C99D0F4}.Release|Any CPU.Build.0 = Release|Any CPU
	EndGlobalSection
EndGlobal
